// !$*UTF8*$!
{
	archiveVersion = 1;
	classes = {
	};
	objectVersion = 51;
	objects = {

/* Begin PBXBuildFile section */
		73B2788357C869DB2DBA06EE /* Pods_RealmFileSyncCheck.framework in Frameworks */ = {isa = PBXBuildFile; fileRef = 8F8C12F817CEDB5D7A3C563B /* Pods_RealmFileSyncCheck.framework */; };
		FFAABCD2274638CB0090AE63 /* AppDelegate.swift in Sources */ = {isa = PBXBuildFile; fileRef = FFAABCD1274638CB0090AE63 /* AppDelegate.swift */; };
		FFAABCD4274638CB0090AE63 /* SceneDelegate.swift in Sources */ = {isa = PBXBuildFile; fileRef = FFAABCD3274638CB0090AE63 /* SceneDelegate.swift */; };
		FFAABCD6274638CB0090AE63 /* ViewController.swift in Sources */ = {isa = PBXBuildFile; fileRef = FFAABCD5274638CB0090AE63 /* ViewController.swift */; };
		FFAABCD9274638CB0090AE63 /* Main.storyboard in Resources */ = {isa = PBXBuildFile; fileRef = FFAABCD7274638CB0090AE63 /* Main.storyboard */; };
		FFAABCDB274638CC0090AE63 /* Assets.xcassets in Resources */ = {isa = PBXBuildFile; fileRef = FFAABCDA274638CC0090AE63 /* Assets.xcassets */; };
		FFAABCDE274638CC0090AE63 /* LaunchScreen.storyboard in Resources */ = {isa = PBXBuildFile; fileRef = FFAABCDC274638CC0090AE63 /* LaunchScreen.storyboard */; };
		FFAABCEC27464E1A0090AE63 /* DatabaseManager.swift in Sources */ = {isa = PBXBuildFile; fileRef = FFAABCEB27464E1A0090AE63 /* DatabaseManager.swift */; };
/* End PBXBuildFile section */

/* Begin PBXFileReference section */
		644813E37884D476CBA3D3A8 /* Pods-RealmFileSyncCheck.debug.xcconfig */ = {isa = PBXFileReference; includeInIndex = 1; lastKnownFileType = text.xcconfig; name = "Pods-RealmFileSyncCheck.debug.xcconfig"; path = "Target Support Files/Pods-RealmFileSyncCheck/Pods-RealmFileSyncCheck.debug.xcconfig"; sourceTree = "<group>"; };
		8F8C12F817CEDB5D7A3C563B /* Pods_RealmFileSyncCheck.framework */ = {isa = PBXFileReference; explicitFileType = wrapper.framework; includeInIndex = 0; path = Pods_RealmFileSyncCheck.framework; sourceTree = BUILT_PRODUCTS_DIR; };
		9FD287F99ACD27D27B2C8112 /* Pods-RealmFileSyncCheck.release.xcconfig */ = {isa = PBXFileReference; includeInIndex = 1; lastKnownFileType = text.xcconfig; name = "Pods-RealmFileSyncCheck.release.xcconfig"; path = "Target Support Files/Pods-RealmFileSyncCheck/Pods-RealmFileSyncCheck.release.xcconfig"; sourceTree = "<group>"; };
		FFAABCCE274638CB0090AE63 /* RealmFileSyncCheck.app */ = {isa = PBXFileReference; explicitFileType = wrapper.application; includeInIndex = 0; path = RealmFileSyncCheck.app; sourceTree = BUILT_PRODUCTS_DIR; };
		FFAABCD1274638CB0090AE63 /* AppDelegate.swift */ = {isa = PBXFileReference; lastKnownFileType = sourcecode.swift; path = AppDelegate.swift; sourceTree = "<group>"; };
		FFAABCD3274638CB0090AE63 /* SceneDelegate.swift */ = {isa = PBXFileReference; lastKnownFileType = sourcecode.swift; path = SceneDelegate.swift; sourceTree = "<group>"; };
		FFAABCD5274638CB0090AE63 /* ViewController.swift */ = {isa = PBXFileReference; lastKnownFileType = sourcecode.swift; path = ViewController.swift; sourceTree = "<group>"; };
		FFAABCD8274638CB0090AE63 /* Base */ = {isa = PBXFileReference; lastKnownFileType = file.storyboard; name = Base; path = Base.lproj/Main.storyboard; sourceTree = "<group>"; };
		FFAABCDA274638CC0090AE63 /* Assets.xcassets */ = {isa = PBXFileReference; lastKnownFileType = folder.assetcatalog; path = Assets.xcassets; sourceTree = "<group>"; };
		FFAABCDD274638CC0090AE63 /* Base */ = {isa = PBXFileReference; lastKnownFileType = file.storyboard; name = Base; path = Base.lproj/LaunchScreen.storyboard; sourceTree = "<group>"; };
		FFAABCDF274638CC0090AE63 /* Info.plist */ = {isa = PBXFileReference; lastKnownFileType = text.plist.xml; path = Info.plist; sourceTree = "<group>"; };
		FFAABCEB27464E1A0090AE63 /* DatabaseManager.swift */ = {isa = PBXFileReference; lastKnownFileType = sourcecode.swift; path = DatabaseManager.swift; sourceTree = "<group>"; };
/* End PBXFileReference section */

/* Begin PBXFrameworksBuildPhase section */
		FFAABCCB274638CB0090AE63 /* Frameworks */ = {
			isa = PBXFrameworksBuildPhase;
			buildActionMask = 2147483647;
			files = (
				73B2788357C869DB2DBA06EE /* Pods_RealmFileSyncCheck.framework in Frameworks */,
			);
			runOnlyForDeploymentPostprocessing = 0;
		};
/* End PBXFrameworksBuildPhase section */

/* Begin PBXGroup section */
		CB772DDE20AD568ADB3818F7 /* Pods */ = {
			isa = PBXGroup;
			children = (
				644813E37884D476CBA3D3A8 /* Pods-RealmFileSyncCheck.debug.xcconfig */,
				9FD287F99ACD27D27B2C8112 /* Pods-RealmFileSyncCheck.release.xcconfig */,
			);
			path = Pods;
			sourceTree = "<group>";
		};
		EA11B88AC431D7C18E476B95 /* Frameworks */ = {
			isa = PBXGroup;
			children = (
				8F8C12F817CEDB5D7A3C563B /* Pods_RealmFileSyncCheck.framework */,
			);
			name = Frameworks;
			sourceTree = "<group>";
		};
		FFAABCC5274638CA0090AE63 = {
			isa = PBXGroup;
			children = (
				FFAABCD0274638CB0090AE63 /* RealmFileSyncCheck */,
				FFAABCCF274638CB0090AE63 /* Products */,
				CB772DDE20AD568ADB3818F7 /* Pods */,
				EA11B88AC431D7C18E476B95 /* Frameworks */,
			);
			sourceTree = "<group>";
		};
		FFAABCCF274638CB0090AE63 /* Products */ = {
			isa = PBXGroup;
			children = (
				FFAABCCE274638CB0090AE63 /* RealmFileSyncCheck.app */,
			);
			name = Products;
			sourceTree = "<group>";
		};
		FFAABCD0274638CB0090AE63 /* RealmFileSyncCheck */ = {
			isa = PBXGroup;
			children = (
				FFAABCD1274638CB0090AE63 /* AppDelegate.swift */,
				FFAABCD3274638CB0090AE63 /* SceneDelegate.swift */,
				FFAABCD5274638CB0090AE63 /* ViewController.swift */,
				FFAABCD7274638CB0090AE63 /* Main.storyboard */,
				FFAABCDA274638CC0090AE63 /* Assets.xcassets */,
				FFAABCDC274638CC0090AE63 /* LaunchScreen.storyboard */,
				FFAABCDF274638CC0090AE63 /* Info.plist */,
				FFAABCEB27464E1A0090AE63 /* DatabaseManager.swift */,
			);
			path = RealmFileSyncCheck;
			sourceTree = "<group>";
		};
/* End PBXGroup section */

/* Begin PBXNativeTarget section */
		FFAABCCD274638CB0090AE63 /* RealmFileSyncCheck */ = {
			isa = PBXNativeTarget;
			buildConfigurationList = FFAABCE2274638CC0090AE63 /* Build configuration list for PBXNativeTarget "RealmFileSyncCheck" */;
			buildPhases = (
				C4525FF8463C62A00B70AD74 /* [CP] Check Pods Manifest.lock */,
				FFAABCCA274638CB0090AE63 /* Sources */,
				FFAABCCB274638CB0090AE63 /* Frameworks */,
				FFAABCCC274638CB0090AE63 /* Resources */,
				1717444044BF43C87D329A98 /* [CP] Embed Pods Frameworks */,
			);
			buildRules = (
			);
			dependencies = (
			);
			name = RealmFileSyncCheck;
			productName = RealmFileSyncCheck;
			productReference = FFAABCCE274638CB0090AE63 /* RealmFileSyncCheck.app */;
			productType = "com.apple.product-type.application";
		};
/* End PBXNativeTarget section */

/* Begin PBXProject section */
		FFAABCC6274638CA0090AE63 /* Project object */ = {
			isa = PBXProject;
			attributes = {
				LastSwiftUpdateCheck = 1240;
				LastUpgradeCheck = 1240;
				TargetAttributes = {
					FFAABCCD274638CB0090AE63 = {
						CreatedOnToolsVersion = 12.4;
					};
				};
			};
			buildConfigurationList = FFAABCC9274638CA0090AE63 /* Build configuration list for PBXProject "RealmFileSyncCheck" */;
			compatibilityVersion = "Xcode 9.3";
			developmentRegion = en;
			hasScannedForEncodings = 0;
			knownRegions = (
				en,
				Base,
			);
			mainGroup = FFAABCC5274638CA0090AE63;
			productRefGroup = FFAABCCF274638CB0090AE63 /* Products */;
			projectDirPath = "";
			projectRoot = "";
			targets = (
				FFAABCCD274638CB0090AE63 /* RealmFileSyncCheck */,
			);
		};
/* End PBXProject section */

/* Begin PBXResourcesBuildPhase section */
		FFAABCCC274638CB0090AE63 /* Resources */ = {
			isa = PBXResourcesBuildPhase;
			buildActionMask = 2147483647;
			files = (
				FFAABCDE274638CC0090AE63 /* LaunchScreen.storyboard in Resources */,
				FFAABCDB274638CC0090AE63 /* Assets.xcassets in Resources */,
				FFAABCD9274638CB0090AE63 /* Main.storyboard in Resources */,
			);
			runOnlyForDeploymentPostprocessing = 0;
		};
/* End PBXResourcesBuildPhase section */

/* Begin PBXShellScriptBuildPhase section */
		1717444044BF43C87D329A98 /* [CP] Embed Pods Frameworks */ = {
			isa = PBXShellScriptBuildPhase;
			buildActionMask = 2147483647;
			files = (
			);
			inputFileListPaths = (
				"${PODS_ROOT}/Target Support Files/Pods-RealmFileSyncCheck/Pods-RealmFileSyncCheck-frameworks-${CONFIGURATION}-input-files.xcfilelist",
			);
			name = "[CP] Embed Pods Frameworks";
			outputFileListPaths = (
				"${PODS_ROOT}/Target Support Files/Pods-RealmFileSyncCheck/Pods-RealmFileSyncCheck-frameworks-${CONFIGURATION}-output-files.xcfilelist",
			);
			runOnlyForDeploymentPostprocessing = 0;
			shellPath = /bin/sh;
			shellScript = "\"${PODS_ROOT}/Target Support Files/Pods-RealmFileSyncCheck/Pods-RealmFileSyncCheck-frameworks.sh\"\n";
			showEnvVarsInLog = 0;
		};
		C4525FF8463C62A00B70AD74 /* [CP] Check Pods Manifest.lock */ = {
			isa = PBXShellScriptBuildPhase;
			buildActionMask = 2147483647;
			files = (
			);
			inputFileListPaths = (
			);
			inputPaths = (
				"${PODS_PODFILE_DIR_PATH}/Podfile.lock",
				"${PODS_ROOT}/Manifest.lock",
			);
			name = "[CP] Check Pods Manifest.lock";
			outputFileListPaths = (
			);
			outputPaths = (
				"$(DERIVED_FILE_DIR)/Pods-RealmFileSyncCheck-checkManifestLockResult.txt",
			);
			runOnlyForDeploymentPostprocessing = 0;
			shellPath = /bin/sh;
			shellScript = "diff \"${PODS_PODFILE_DIR_PATH}/Podfile.lock\" \"${PODS_ROOT}/Manifest.lock\" > /dev/null\nif [ $? != 0 ] ; then\n    # print error to STDERR\n    echo \"error: The sandbox is not in sync with the Podfile.lock. Run 'pod install' or update your CocoaPods installation.\" >&2\n    exit 1\nfi\n# This output is used by Xcode 'outputs' to avoid re-running this script phase.\necho \"SUCCESS\" > \"${SCRIPT_OUTPUT_FILE_0}\"\n";
			showEnvVarsInLog = 0;
		};
/* End PBXShellScriptBuildPhase section */

/* Begin PBXSourcesBuildPhase section */
		FFAABCCA274638CB0090AE63 /* Sources */ = {
			isa = PBXSourcesBuildPhase;
			buildActionMask = 2147483647;
			files = (
				FFAABCEC27464E1A0090AE63 /* DatabaseManager.swift in Sources */,
				FFAABCD6274638CB0090AE63 /* ViewController.swift in Sources */,
				FFAABCD2274638CB0090AE63 /* AppDelegate.swift in Sources */,
				FFAABCD4274638CB0090AE63 /* SceneDelegate.swift in Sources */,
			);
			runOnlyForDeploymentPostprocessing = 0;
		};
/* End PBXSourcesBuildPhase section */

/* Begin PBXVariantGroup section */
		FFAABCD7274638CB0090AE63 /* Main.storyboard */ = {
			isa = PBXVariantGroup;
			children = (
				FFAABCD8274638CB0090AE63 /* Base */,
			);
			name = Main.storyboard;
			sourceTree = "<group>";
		};
		FFAABCDC274638CC0090AE63 /* LaunchScreen.storyboard */ = {
			isa = PBXVariantGroup;
			children = (
				FFAABCDD274638CC0090AE63 /* Base */,
			);
			name = LaunchScreen.storyboard;
			sourceTree = "<group>";
		};
/* End PBXVariantGroup section */

/* Begin XCBuildConfiguration section */
		FFAABCE0274638CC0090AE63 /* Debug */ = {
			isa = XCBuildConfiguration;
			buildSettings = {
				ALWAYS_SEARCH_USER_PATHS = NO;
				CLANG_ANALYZER_NONNULL = YES;
				CLANG_ANALYZER_NUMBER_OBJECT_CONVERSION = YES_AGGRESSIVE;
				CLANG_CXX_LANGUAGE_STANDARD = "gnu++14";
				CLANG_CXX_LIBRARY = "libc++";
				CLANG_ENABLE_MODULES = YES;
				CLANG_ENABLE_OBJC_ARC = YES;
				CLANG_ENABLE_OBJC_WEAK = YES;
				CLANG_WARN_BLOCK_CAPTURE_AUTORELEASING = YES;
				CLANG_WARN_BOOL_CONVERSION = YES;
				CLANG_WARN_COMMA = YES;
				CLANG_WARN_CONSTANT_CONVERSION = YES;
				CLANG_WARN_DEPRECATED_OBJC_IMPLEMENTATIONS = YES;
				CLANG_WARN_DIRECT_OBJC_ISA_USAGE = YES_ERROR;
				CLANG_WARN_DOCUMENTATION_COMMENTS = YES;
				CLANG_WARN_EMPTY_BODY = YES;
				CLANG_WARN_ENUM_CONVERSION = YES;
				CLANG_WARN_INFINITE_RECURSION = YES;
				CLANG_WARN_INT_CONVERSION = YES;
				CLANG_WARN_NON_LITERAL_NULL_CONVERSION = YES;
				CLANG_WARN_OBJC_IMPLICIT_RETAIN_SELF = YES;
				CLANG_WARN_OBJC_LITERAL_CONVERSION = YES;
				CLANG_WARN_OBJC_ROOT_CLASS = YES_ERROR;
				CLANG_WARN_QUOTED_INCLUDE_IN_FRAMEWORK_HEADER = YES;
				CLANG_WARN_RANGE_LOOP_ANALYSIS = YES;
				CLANG_WARN_STRICT_PROTOTYPES = YES;
				CLANG_WARN_SUSPICIOUS_MOVE = YES;
				CLANG_WARN_UNGUARDED_AVAILABILITY = YES_AGGRESSIVE;
				CLANG_WARN_UNREACHABLE_CODE = YES;
				CLANG_WARN__DUPLICATE_METHOD_MATCH = YES;
				COPY_PHASE_STRIP = NO;
				DEBUG_INFORMATION_FORMAT = dwarf;
				ENABLE_STRICT_OBJC_MSGSEND = YES;
				ENABLE_TESTABILITY = YES;
				GCC_C_LANGUAGE_STANDARD = gnu11;
				GCC_DYNAMIC_NO_PIC = NO;
				GCC_NO_COMMON_BLOCKS = YES;
				GCC_OPTIMIZATION_LEVEL = 0;
				GCC_PREPROCESSOR_DEFINITIONS = (
					"DEBUG=1",
					"$(inherited)",
				);
				GCC_WARN_64_TO_32_BIT_CONVERSION = YES;
				GCC_WARN_ABOUT_RETURN_TYPE = YES_ERROR;
				GCC_WARN_UNDECLARED_SELECTOR = YES;
				GCC_WARN_UNINITIALIZED_AUTOS = YES_AGGRESSIVE;
				GCC_WARN_UNUSED_FUNCTION = YES;
				GCC_WARN_UNUSED_VARIABLE = YES;
				IPHONEOS_DEPLOYMENT_TARGET = 14.4;
				MTL_ENABLE_DEBUG_INFO = INCLUDE_SOURCE;
				MTL_FAST_MATH = YES;
				ONLY_ACTIVE_ARCH = YES;
				SDKROOT = iphoneos;
				SWIFT_ACTIVE_COMPILATION_CONDITIONS = DEBUG;
				SWIFT_OPTIMIZATION_LEVEL = "-Onone";
			};
			name = Debug;
		};
		FFAABCE1274638CC0090AE63 /* Release */ = {
			isa = XCBuildConfiguration;
			buildSettings = {
				ALWAYS_SEARCH_USER_PATHS = NO;
				CLANG_ANALYZER_NONNULL = YES;
				CLANG_ANALYZER_NUMBER_OBJECT_CONVERSION = YES_AGGRESSIVE;
				CLANG_CXX_LANGUAGE_STANDARD = "gnu++14";
				CLANG_CXX_LIBRARY = "libc++";
				CLANG_ENABLE_MODULES = YES;
				CLANG_ENABLE_OBJC_ARC = YES;
				CLANG_ENABLE_OBJC_WEAK = YES;
				CLANG_WARN_BLOCK_CAPTURE_AUTORELEASING = YES;
				CLANG_WARN_BOOL_CONVERSION = YES;
				CLANG_WARN_COMMA = YES;
				CLANG_WARN_CONSTANT_CONVERSION = YES;
				CLANG_WARN_DEPRECATED_OBJC_IMPLEMENTATIONS = YES;
				CLANG_WARN_DIRECT_OBJC_ISA_USAGE = YES_ERROR;
				CLANG_WARN_DOCUMENTATION_COMMENTS = YES;
				CLANG_WARN_EMPTY_BODY = YES;
				CLANG_WARN_ENUM_CONVERSION = YES;
				CLANG_WARN_INFINITE_RECURSION = YES;
				CLANG_WARN_INT_CONVERSION = YES;
				CLANG_WARN_NON_LITERAL_NULL_CONVERSION = YES;
				CLANG_WARN_OBJC_IMPLICIT_RETAIN_SELF = YES;
				CLANG_WARN_OBJC_LITERAL_CONVERSION = YES;
				CLANG_WARN_OBJC_ROOT_CLASS = YES_ERROR;
				CLANG_WARN_QUOTED_INCLUDE_IN_FRAMEWORK_HEADER = YES;
				CLANG_WARN_RANGE_LOOP_ANALYSIS = YES;
				CLANG_WARN_STRICT_PROTOTYPES = YES;
				CLANG_WARN_SUSPICIOUS_MOVE = YES;
				CLANG_WARN_UNGUARDED_AVAILABILITY = YES_AGGRESSIVE;
				CLANG_WARN_UNREACHABLE_CODE = YES;
				CLANG_WARN__DUPLICATE_METHOD_MATCH = YES;
				COPY_PHASE_STRIP = NO;
				DEBUG_INFORMATION_FORMAT = "dwarf-with-dsym";
				ENABLE_NS_ASSERTIONS = NO;
				ENABLE_STRICT_OBJC_MSGSEND = YES;
				GCC_C_LANGUAGE_STANDARD = gnu11;
				GCC_NO_COMMON_BLOCKS = YES;
				GCC_WARN_64_TO_32_BIT_CONVERSION = YES;
				GCC_WARN_ABOUT_RETURN_TYPE = YES_ERROR;
				GCC_WARN_UNDECLARED_SELECTOR = YES;
				GCC_WARN_UNINITIALIZED_AUTOS = YES_AGGRESSIVE;
				GCC_WARN_UNUSED_FUNCTION = YES;
				GCC_WARN_UNUSED_VARIABLE = YES;
				IPHONEOS_DEPLOYMENT_TARGET = 14.4;
				MTL_ENABLE_DEBUG_INFO = NO;
				MTL_FAST_MATH = YES;
				SDKROOT = iphoneos;
				SWIFT_COMPILATION_MODE = wholemodule;
				SWIFT_OPTIMIZATION_LEVEL = "-O";
				VALIDATE_PRODUCT = YES;
			};
			name = Release;
		};
		FFAABCE3274638CC0090AE63 /* Debug */ = {
			isa = XCBuildConfiguration;
			baseConfigurationReference = 644813E37884D476CBA3D3A8 /* Pods-RealmFileSyncCheck.debug.xcconfig */;
			buildSettings = {
				ASSETCATALOG_COMPILER_APPICON_NAME = AppIcon;
				ASSETCATALOG_COMPILER_GLOBAL_ACCENT_COLOR_NAME = AccentColor;
				CODE_SIGN_STYLE = Automatic;
				DEVELOPMENT_TEAM = VGF6Q9433U;
				INFOPLIST_FILE = RealmFileSyncCheck/Info.plist;
				IPHONEOS_DEPLOYMENT_TARGET = 12.1;
				LD_RUNPATH_SEARCH_PATHS = (
					"$(inherited)",
					"@executable_path/Frameworks",
				);
				PRODUCT_BUNDLE_IDENTIFIER = mefahimrahman.RealmFileSyncCheck;
				PRODUCT_NAME = "$(TARGET_NAME)";
				SWIFT_VERSION = 5.0;
				TARGETED_DEVICE_FAMILY = "1,2";
			};
			name = Debug;
		};
		FFAABCE4274638CC0090AE63 /* Release */ = {
			isa = XCBuildConfiguration;
			baseConfigurationReference = 9FD287F99ACD27D27B2C8112 /* Pods-RealmFileSyncCheck.release.xcconfig */;
			buildSettings = {
				ASSETCATALOG_COMPILER_APPICON_NAME = AppIcon;
				ASSETCATALOG_COMPILER_GLOBAL_ACCENT_COLOR_NAME = AccentColor;
				CODE_SIGN_STYLE = Automatic;
				DEVELOPMENT_TEAM = VGF6Q9433U;
				INFOPLIST_FILE = RealmFileSyncCheck/Info.plist;
				IPHONEOS_DEPLOYMENT_TARGET = 12.1;
				LD_RUNPATH_SEARCH_PATHS = (
					"$(inherited)",
					"@executable_path/Frameworks",
				);
				PRODUCT_BUNDLE_IDENTIFIER = mefahimrahman.RealmFileSyncCheck;
				PRODUCT_NAME = "$(TARGET_NAME)";
				SWIFT_VERSION = 5.0;
				TARGETED_DEVICE_FAMILY = "1,2";
			};
			name = Release;
		};
/* End XCBuildConfiguration section */

/* Begin XCConfigurationList section */
		FFAABCC9274638CA0090AE63 /* Build configuration list for PBXProject "RealmFileSyncCheck" */ = {
			isa = XCConfigurationList;
			buildConfigurations = (
				FFAABCE0274638CC0090AE63 /* Debug */,
				FFAABCE1274638CC0090AE63 /* Release */,
			);
			defaultConfigurationIsVisible = 0;
			defaultConfigurationName = Release;
		};
		FFAABCE2274638CC0090AE63 /* Build configuration list for PBXNativeTarget "RealmFileSyncCheck" */ = {
			isa = XCConfigurationList;
			buildConfigurations = (
				FFAABCE3274638CC0090AE63 /* Debug */,
				FFAABCE4274638CC0090AE63 /* Release */,
			);
			defaultConfigurationIsVisible = 0;
			defaultConfigurationName = Release;
		};
/* End XCConfigurationList section */
	};
	rootObject = FFAABCC6274638CA0090AE63 /* Project object */;
}
